
Microsoft Visual Studio Solution File, Format Version 12.00
# Visual Studio Version 16
VisualStudioVersion = 16.0.29519.181
MinimumVisualStudioVersion = 10.0.40219.1
Project("{FAE04EC0-301F-11D3-BF4B-00C04F79EFBC}") = "Deliverable2", "Deliverable2\Deliverable2.csproj", "{7E19C891-D12A-41CC-987D-75044CE452E7}"
EndProject
Global
	GlobalSection(SolutionConfigurationPlatforms) = preSolution
		Debug|Any CPU = Debug|Any CPU
		Release|Any CPU = Release|Any CPU
	EndGlobalSection
	GlobalSection(ProjectConfigurationPlatforms) = postSolution
		{7E19C891-D12A-41CC-987D-75044CE452E7}.Debug|Any CPU.ActiveCfg = Debug|Any CPU
		{7E19C891-D12A-41CC-987D-75044CE452E7}.Debug|Any CPU.Build.0 = Debug|Any CPU
		{7E19C891-D12A-41CC-987D-75044CE452E7}.Release|Any CPU.ActiveCfg = Release|Any CPU
		{7E19C891-D12A-41CC-987D-75044CE452E7}.Release|Any CPU.Build.0 = Release|Any CPU
	EndGlobalSection
	GlobalSection(SolutionProperties) = preSolution
		HideSolutionNode = FALSE
	EndGlobalSection
	GlobalSection(ExtensibilityGlobals) = postSolution
		SolutionGuid = {4FFF70AC-8656-4614-B14D-A39B31B35B8A}
	EndGlobalSection
EndGlobal
